
Microsoft Visual Studio Solution File, Format Version 12.00
# Visual Studio Version 16
VisualStudioVersion = 16.0.30114.105
MinimumVisualStudioVersion = 10.0.40219.1
Project("{FAE04EC0-301F-11D3-BF4B-00C04F79EFBC}") = "Calcelerrere", "Calcelerrere\Calcelerrere.csproj", "{915AFCB3-6A6E-4E8B-9BC1-AD87EE06F542}"
EndProject
Global
	GlobalSection(SolutionConfigurationPlatforms) = preSolution
		Debug|Any CPU = Debug|Any CPU
		Release|Any CPU = Release|Any CPU
	EndGlobalSection
	GlobalSection(ProjectConfigurationPlatforms) = postSolution
		{915AFCB3-6A6E-4E8B-9BC1-AD87EE06F542}.Debug|Any CPU.ActiveCfg = Debug|Any CPU
		{915AFCB3-6A6E-4E8B-9BC1-AD87EE06F542}.Debug|Any CPU.Build.0 = Debug|Any CPU
		{915AFCB3-6A6E-4E8B-9BC1-AD87EE06F542}.Release|Any CPU.ActiveCfg = Release|Any CPU
		{915AFCB3-6A6E-4E8B-9BC1-AD87EE06F542}.Release|Any CPU.Build.0 = Release|Any CPU
	EndGlobalSection
	GlobalSection(SolutionProperties) = preSolution
		HideSolutionNode = FALSE
	EndGlobalSection
	GlobalSection(ExtensibilityGlobals) = postSolution
		SolutionGuid = {94321DAC-3A8C-42B4-B98B-C7DC1A726AA6}
	EndGlobalSection
EndGlobal
